<?xml version="1.0" encoding="utf-8"?>
<Project ToolsVersion="4.0" xmlns="http://schemas.microsoft.com/developer/msbuild/2003">
  <ItemGroup>
    <Filter Include="Quelldateien">
      <UniqueIdentifier>{4FC737F1-C7A5-4376-A066-2A32D752A2FF}</UniqueIdentifier>
      <Extensions>cpp;c;cc;cxx;def;odl;idl;hpj;bat;asm;asmx</Extensions>
    </Filter>
    <Filter Include="Headerdateien">
      <UniqueIdentifier>{93995380-89BD-4b04-88EB-625FBE52EBFB}</UniqueIdentifier>
      <Extensions>h;hh;hpp;hxx;hm;inl;inc;ipp;xsd</Extensions>
    </Filter>
    <Filter Include="Ressourcendateien">
      <UniqueIdentifier>{67DA6AB6-F800-4c08-8B7A-83BB121AAD01}</UniqueIdentifier>
      <Extensions>rc;ico;cur;bmp;dlg;rc2;rct;bin;rgs;gif;jpg;jpeg;jpe;resx;tiff;tif;png;wav;mfcribbon-ms</Extensions>
    </Filter>
    <Filter Include="Quelldateien\factory">
      <UniqueIdentifier>{bb6bf0e2-07ec-4159-a6d8-78b97ca3dbab}</UniqueIdentifier>
    </Filter>
    <Filter Include="Headerdateien\factory">
      <UniqueIdentifier>{df5fdbfe-1a61-4257-8d73-c6cf9c010338}</UniqueIdentifier>
    </Filter>
    <Filter Include="Headerdateien\server">
      <UniqueIdentifier>{c383ef32-9eb6-4266-818b-cee58e5a942e}</UniqueIdentifier>
    </Filter>
    <Filter Include="Quelldateien\server">
      <UniqueIdentifier>{cacf0bd2-9b77-4ec5-9e76-712a6171f0c6}</UniqueIdentifier>
    </Filter>
    <Filter Include="Headerdateien\exception">
      <UniqueIdentifier>{e7f20b56-f451-4f68-8414-c23dd1530cc8}</UniqueIdentifier>
    </Filter>
    <Filter Include="Quelldateien\exception">
      <UniqueIdentifier>{e6aa9237-3c16-4867-b6ab-17e5ba5d6a5f}</UniqueIdentifier>
    </Filter>
    <Filter Include="resources">
      <UniqueIdentifier>{993297d0-8e69-4b6f-97aa-0ffa95f81f68}</UniqueIdentifier>
    </Filter>
    <Filter Include="resources\views">
      <UniqueIdentifier>{3bf04e0f-c348-4213-83ac-372e74d608df}</UniqueIdentifier>
    </Filter>
    <Filter Include="resources\views\pages">
      <UniqueIdentifier>{e3ce0af4-1885-4434-890e-2863f77c0691}</UniqueIdentifier>
    </Filter>
    <Filter Include="Headerdateien\controller">
      <UniqueIdentifier>{1fbe5e76-8143-4c54-8dd4-23723959aaa0}</UniqueIdentifier>
    </Filter>
    <Filter Include="Headerdateien\routing">
      <UniqueIdentifier>{37eb2247-a874-453d-a95c-be12ee029d68}</UniqueIdentifier>
    </Filter>
    <Filter Include="Quelldateien\controller">
      <UniqueIdentifier>{ec172266-2541-4012-82fb-dbce2760abf0}</UniqueIdentifier>
    </Filter>
    <Filter Include="Quelldateien\routing">
      <UniqueIdentifier>{f63b7f97-ec35-4487-9caa-f77281ab152c}</UniqueIdentifier>
    </Filter>
    <Filter Include="Headerdateien\engine">
      <UniqueIdentifier>{149d9ccd-cc91-4a61-8109-a98cadbcfa5e}</UniqueIdentifier>
    </Filter>
    <Filter Include="Quelldateien\engine">
      <UniqueIdentifier>{b9931d73-b5e9-4eaf-a735-c2a4a93b5f0c}</UniqueIdentifier>
    </Filter>
  </ItemGroup>
  <ItemGroup>
    <ClInclude Include="pch.h">
      <Filter>Headerdateien</Filter>
    </ClInclude>
    <ClInclude Include="factory\RequestFactory.h">
      <Filter>Headerdateien\factory</Filter>
    </ClInclude>
    <ClInclude Include="server\AppServer.h">
      <Filter>Headerdateien\server</Filter>
    </ClInclude>
    <ClInclude Include="exception\WebServerException.h">
      <Filter>Headerdateien\exception</Filter>
    </ClInclude>
    <ClInclude Include="HTTPRequest.h">
      <Filter>Headerdateien</Filter>
    </ClInclude>
    <ClInclude Include="routing\DefaultRouter.h">
      <Filter>Headerdateien\routing</Filter>
    </ClInclude>
    <ClInclude Include="controller\BaseController.h">
      <Filter>Headerdateien\controller</Filter>
    </ClInclude>
    <ClInclude Include="controller\IndexController.h">
      <Filter>Headerdateien\controller</Filter>
    </ClInclude>
    <ClInclude Include="controller\DefaultController.h">
      <Filter>Headerdateien\controller</Filter>
    </ClInclude>
    <ClInclude Include="util.h">
      <Filter>Headerdateien</Filter>
    </ClInclude>
    <ClInclude Include="engine\Engine.h">
      <Filter>Headerdateien\engine</Filter>
    </ClInclude>
    <ClInclude Include="engine\RequestData.h">
      <Filter>Headerdateien\engine</Filter>
    </ClInclude>
    <ClInclude Include="engine\XercesContentHandler.h">
      <Filter>Headerdateien\engine</Filter>
    </ClInclude>
    <ClInclude Include="engine\XmlDomDocument.h">
      <Filter>Headerdateien\engine</Filter>
    </ClInclude>
  </ItemGroup>
  <ItemGroup>
    <ClCompile Include="pch.cpp">
      <Filter>Quelldateien</Filter>
    </ClCompile>
    <ClCompile Include="webapp.cpp">
      <Filter>Quelldateien</Filter>
    </ClCompile>
    <ClCompile Include="factory\RequestFactory.cpp">
      <Filter>Quelldateien\factory</Filter>
    </ClCompile>
    <ClCompile Include="server\AppServer.cpp">
      <Filter>Quelldateien\server</Filter>
    </ClCompile>
    <ClCompile Include="exception\WebServerException.cpp">
      <Filter>Quelldateien\exception</Filter>
    </ClCompile>
    <ClCompile Include="HTTPRequest.cpp">
      <Filter>Quelldateien</Filter>
    </ClCompile>
    <ClCompile Include="routing\DefaultRouter.cpp">
      <Filter>Quelldateien\routing</Filter>
    </ClCompile>
    <ClCompile Include="controller\BaseController.cpp">
      <Filter>Quelldateien\controller</Filter>
    </ClCompile>
    <ClCompile Include="controller\IndexController.cpp">
      <Filter>Quelldateien\controller</Filter>
    </ClCompile>
    <ClCompile Include="controller\DefaultController.cpp">
      <Filter>Quelldateien\controller</Filter>
    </ClCompile>
    <ClCompile Include="engine\Engine.cpp">
      <Filter>Quelldateien\engine</Filter>
    </ClCompile>
    <ClCompile Include="engine\RequestData.cpp">
      <Filter>Quelldateien\engine</Filter>
    </ClCompile>
    <ClCompile Include="engine\XercesContentHandler.cpp">
      <Filter>Quelldateien\engine</Filter>
    </ClCompile>
    <ClCompile Include="engine\XmlDomDocument.cpp">
      <Filter>Quelldateien\engine</Filter>
    </ClCompile>
  </ItemGroup>
  <ItemGroup>
    <None Include="resources\views\pages\index.html">
      <Filter>resources\views\pages</Filter>
    </None>
  </ItemGroup>
</Project>